
Microsoft Visual Studio Solution File, Format Version 12.00
# Visual Studio Version 17
VisualStudioVersion = 17.13.35931.197 d17.13
MinimumVisualStudioVersion = 10.0.40219.1
Project("{8BC9CEB8-8B4A-11D0-8D11-00A0C91BC942}") = "BookStore", "BookStore.vcxproj", "{A8D767AA-BB86-4249-8326-1074EEB4A037}"
EndProject
Global
	GlobalSection(SolutionConfigurationPlatforms) = preSolution
		Debug|x64 = Debug|x64
		Debug|x86 = Debug|x86
		Release|x64 = Release|x64
		Release|x86 = Release|x86
	EndGlobalSection
	GlobalSection(ProjectConfigurationPlatforms) = postSolution
		{A8D767AA-BB86-4249-8326-1074EEB4A037}.Debug|x64.ActiveCfg = Debug|x64
		{A8D767AA-BB86-4249-8326-1074EEB4A037}.Debug|x64.Build.0 = Debug|x64
		{A8D767AA-BB86-4249-8326-1074EEB4A037}.Debug|x86.ActiveCfg = Debug|Win32
		{A8D767AA-BB86-4249-8326-1074EEB4A037}.Debug|x86.Build.0 = Debug|Win32
		{A8D767AA-BB86-4249-8326-1074EEB4A037}.Release|x64.ActiveCfg = Release|x64
		{A8D767AA-BB86-4249-8326-1074EEB4A037}.Release|x64.Build.0 = Release|x64
		{A8D767AA-BB86-4249-8326-1074EEB4A037}.Release|x86.ActiveCfg = Release|Win32
		{A8D767AA-BB86-4249-8326-1074EEB4A037}.Release|x86.Build.0 = Release|Win32
	EndGlobalSection
	GlobalSection(SolutionProperties) = preSolution
		HideSolutionNode = FALSE
	EndGlobalSection
	GlobalSection(ExtensibilityGlobals) = postSolution
		SolutionGuid = {2519EA7D-8394-4352-A61E-6F5371CF7118}
	EndGlobalSection
EndGlobal
